
Microsoft Visual Studio Solution File, Format Version 12.00
# Visual Studio Version 17
VisualStudioVersion = 17.12.35514.174 d17.12
MinimumVisualStudioVersion = 10.0.40219.1
Project("{FAE04EC0-301F-11D3-BF4B-00C04F79EFBC}") = "OldVersion", "OldVersion\OldVersion.csproj", "{2198A27D-D901-461D-AE2C-5FAD02BCB797}"
EndProject
Project("{FAE04EC0-301F-11D3-BF4B-00C04F79EFBC}") = "NewVersion", "NewVersion\NewVersion.csproj", "{5BF8EC2C-933B-4460-944F-499FE2C8971B}"
EndProject
Global
	GlobalSection(SolutionConfigurationPlatforms) = preSolution
		Debug|Any CPU = Debug|Any CPU
		Release|Any CPU = Release|Any CPU
	EndGlobalSection
	GlobalSection(ProjectConfigurationPlatforms) = postSolution
		{2198A27D-D901-461D-AE2C-5FAD02BCB797}.Debug|Any CPU.ActiveCfg = Debug|Any CPU
		{2198A27D-D901-461D-AE2C-5FAD02BCB797}.Debug|Any CPU.Build.0 = Debug|Any CPU
		{2198A27D-D901-461D-AE2C-5FAD02BCB797}.Release|Any CPU.ActiveCfg = Release|Any CPU
		{2198A27D-D901-461D-AE2C-5FAD02BCB797}.Release|Any CPU.Build.0 = Release|Any CPU
		{5BF8EC2C-933B-4460-944F-499FE2C8971B}.Debug|Any CPU.ActiveCfg = Debug|Any CPU
		{5BF8EC2C-933B-4460-944F-499FE2C8971B}.Debug|Any CPU.Build.0 = Debug|Any CPU
		{5BF8EC2C-933B-4460-944F-499FE2C8971B}.Release|Any CPU.ActiveCfg = Release|Any CPU
		{5BF8EC2C-933B-4460-944F-499FE2C8971B}.Release|Any CPU.Build.0 = Release|Any CPU
	EndGlobalSection
	GlobalSection(SolutionProperties) = preSolution
		HideSolutionNode = FALSE
	EndGlobalSection
EndGlobal
